
Microsoft Visual Studio Solution File, Format Version 12.00
# Visual Studio Version 17
VisualStudioVersion = 17.2.32519.379
MinimumVisualStudioVersion = 10.0.40219.1
Project("{9A19103F-16F7-4668-BE54-9A1E7A4F7556}") = "SteinerSpaceTravel.Core", "SteinerSpaceTravel.Core\SteinerSpaceTravel.Core.csproj", "{EDC3D0E0-AC5D-4286-AA39-D2AFA4CAE5FF}"
EndProject
Project("{9A19103F-16F7-4668-BE54-9A1E7A4F7556}") = "SteinerSpaceTravel.Console", "SteinerSpaceTravel.Console\SteinerSpaceTravel.Console.csproj", "{812855FE-1BF6-48E2-948A-A600124B3C88}"
EndProject
Project("{FAE04EC0-301F-11D3-BF4B-00C04F79EFBC}") = "SteinerSpaceTravel.Web", "SteinerSpaceTravel.Web\SteinerSpaceTravel.Web.csproj", "{E58B3274-E61D-498F-870E-28E974063B15}"
EndProject
Global
	GlobalSection(SolutionConfigurationPlatforms) = preSolution
		Debug|Any CPU = Debug|Any CPU
		Release|Any CPU = Release|Any CPU
	EndGlobalSection
	GlobalSection(ProjectConfigurationPlatforms) = postSolution
		{EDC3D0E0-AC5D-4286-AA39-D2AFA4CAE5FF}.Debug|Any CPU.ActiveCfg = Debug|Any CPU
		{EDC3D0E0-AC5D-4286-AA39-D2AFA4CAE5FF}.Debug|Any CPU.Build.0 = Debug|Any CPU
		{EDC3D0E0-AC5D-4286-AA39-D2AFA4CAE5FF}.Release|Any CPU.ActiveCfg = Release|Any CPU
		{EDC3D0E0-AC5D-4286-AA39-D2AFA4CAE5FF}.Release|Any CPU.Build.0 = Release|Any CPU
		{812855FE-1BF6-48E2-948A-A600124B3C88}.Debug|Any CPU.ActiveCfg = Debug|Any CPU
		{812855FE-1BF6-48E2-948A-A600124B3C88}.Debug|Any CPU.Build.0 = Debug|Any CPU
		{812855FE-1BF6-48E2-948A-A600124B3C88}.Release|Any CPU.ActiveCfg = Release|Any CPU
		{812855FE-1BF6-48E2-948A-A600124B3C88}.Release|Any CPU.Build.0 = Release|Any CPU
		{E58B3274-E61D-498F-870E-28E974063B15}.Debug|Any CPU.ActiveCfg = Debug|Any CPU
		{E58B3274-E61D-498F-870E-28E974063B15}.Debug|Any CPU.Build.0 = Debug|Any CPU
		{E58B3274-E61D-498F-870E-28E974063B15}.Release|Any CPU.ActiveCfg = Release|Any CPU
		{E58B3274-E61D-498F-870E-28E974063B15}.Release|Any CPU.Build.0 = Release|Any CPU
	EndGlobalSection
	GlobalSection(SolutionProperties) = preSolution
		HideSolutionNode = FALSE
	EndGlobalSection
	GlobalSection(ExtensibilityGlobals) = postSolution
		SolutionGuid = {08F93887-5B5B-41FE-A312-FFB1B0A1050B}
	EndGlobalSection
EndGlobal
